
Microsoft Visual Studio Solution File, Format Version 12.00
# Visual Studio 15
VisualStudioVersion = 15.0.28307.421
MinimumVisualStudioVersion = 10.0.40219.1
Project("{FAE04EC0-301F-11D3-BF4B-00C04F79EFBC}") = "WebAPI", "WebAPI\WebAPI.csproj", "{8EA91243-5413-4060-B17E-0379D3D9225B}"
EndProject
Global
	GlobalSection(SolutionConfigurationPlatforms) = preSolution
		Debug|Any CPU = Debug|Any CPU
		Release|Any CPU = Release|Any CPU
	EndGlobalSection
	GlobalSection(ProjectConfigurationPlatforms) = postSolution
		{8EA91243-5413-4060-B17E-0379D3D9225B}.Debug|Any CPU.ActiveCfg = Debug|Any CPU
		{8EA91243-5413-4060-B17E-0379D3D9225B}.Debug|Any CPU.Build.0 = Debug|Any CPU
		{8EA91243-5413-4060-B17E-0379D3D9225B}.Release|Any CPU.ActiveCfg = Release|Any CPU
		{8EA91243-5413-4060-B17E-0379D3D9225B}.Release|Any CPU.Build.0 = Release|Any CPU
	EndGlobalSection
	GlobalSection(SolutionProperties) = preSolution
		HideSolutionNode = FALSE
	EndGlobalSection
	GlobalSection(ExtensibilityGlobals) = postSolution
		SolutionGuid = {E6FCAAFC-261F-42E3-BD25-A80609443616}
	EndGlobalSection
EndGlobal
